
Microsoft Visual Studio Solution File, Format Version 12.00
# Visual Studio Version 17
VisualStudioVersion = 17.11.35219.272
MinimumVisualStudioVersion = 10.0.40219.1
Project("{9A19103F-16F7-4668-BE54-9A1E7A4F7556}") = "BookStore", "BookStore\BookStore.csproj", "{5BBED1E7-B62E-45B5-A626-08D784E2001C}"
EndProject
Global
	GlobalSection(SolutionConfigurationPlatforms) = preSolution
		Debug|Any CPU = Debug|Any CPU
		Release|Any CPU = Release|Any CPU
	EndGlobalSection
	GlobalSection(ProjectConfigurationPlatforms) = postSolution
		{5BBED1E7-B62E-45B5-A626-08D784E2001C}.Debug|Any CPU.ActiveCfg = Debug|Any CPU
		{5BBED1E7-B62E-45B5-A626-08D784E2001C}.Debug|Any CPU.Build.0 = Debug|Any CPU
		{5BBED1E7-B62E-45B5-A626-08D784E2001C}.Release|Any CPU.ActiveCfg = Release|Any CPU
		{5BBED1E7-B62E-45B5-A626-08D784E2001C}.Release|Any CPU.Build.0 = Release|Any CPU
	EndGlobalSection
	GlobalSection(SolutionProperties) = preSolution
		HideSolutionNode = FALSE
	EndGlobalSection
	GlobalSection(ExtensibilityGlobals) = postSolution
		SolutionGuid = {5FFFFE90-3D3E-479B-AEED-90A1F1B9F143}
	EndGlobalSection
EndGlobal
